
Microsoft Visual Studio Solution File, Format Version 12.00
# Visual Studio 15
VisualStudioVersion = 15.0.28307.136
MinimumVisualStudioVersion = 10.0.40219.1
Project("{FAE04EC0-301F-11D3-BF4B-00C04F79EFBC}") = "todoApp", "todoApp\todoApp.csproj", "{A033929B-BE9B-476A-A72A-BCE0AD62314F}"
EndProject
Global
	GlobalSection(SolutionConfigurationPlatforms) = preSolution
		Debug|Any CPU = Debug|Any CPU
		Release|Any CPU = Release|Any CPU
	EndGlobalSection
	GlobalSection(ProjectConfigurationPlatforms) = postSolution
		{A033929B-BE9B-476A-A72A-BCE0AD62314F}.Debug|Any CPU.ActiveCfg = Debug|Any CPU
		{A033929B-BE9B-476A-A72A-BCE0AD62314F}.Debug|Any CPU.Build.0 = Debug|Any CPU
		{A033929B-BE9B-476A-A72A-BCE0AD62314F}.Release|Any CPU.ActiveCfg = Release|Any CPU
		{A033929B-BE9B-476A-A72A-BCE0AD62314F}.Release|Any CPU.Build.0 = Release|Any CPU
	EndGlobalSection
	GlobalSection(SolutionProperties) = preSolution
		HideSolutionNode = FALSE
	EndGlobalSection
	GlobalSection(ExtensibilityGlobals) = postSolution
		SolutionGuid = {2F333281-C5AC-4CAB-B3FE-BDE84B965DD9}
	EndGlobalSection
EndGlobal
